// !$*UTF8*$!
{
	archiveVersion = 1;
	classes = {
	};
	objectVersion = 50;
	objects = {

/* Begin PBXBuildFile section */
		A41D8AE821ED6B020017D325 /* AppDelegate.swift in Sources */ = {isa = PBXBuildFile; fileRef = A41D8AE721ED6B020017D325 /* AppDelegate.swift */; };
		A41D8AEA21ED6B030017D325 /* GoalsVC.swift in Sources */ = {isa = PBXBuildFile; fileRef = A41D8AE921ED6B030017D325 /* GoalsVC.swift */; };
		A41D8AED21ED6B030017D325 /* Main.storyboard in Resources */ = {isa = PBXBuildFile; fileRef = A41D8AEB21ED6B030017D325 /* Main.storyboard */; };
		A41D8AF021ED6B030017D325 /* goal_post.xcdatamodeld in Sources */ = {isa = PBXBuildFile; fileRef = A41D8AEE21ED6B030017D325 /* goal_post.xcdatamodeld */; };
		A41D8AF221ED6B040017D325 /* Assets.xcassets in Resources */ = {isa = PBXBuildFile; fileRef = A41D8AF121ED6B040017D325 /* Assets.xcassets */; };
		A41D8AF521ED6B040017D325 /* LaunchScreen.storyboard in Resources */ = {isa = PBXBuildFile; fileRef = A41D8AF321ED6B040017D325 /* LaunchScreen.storyboard */; };
		A41D8B0221ED769D0017D325 /* GoalCell.swift in Sources */ = {isa = PBXBuildFile; fileRef = A41D8B0121ED769C0017D325 /* GoalCell.swift */; };
		A41D8B0421ED7DE60017D325 /* GoalType.swift in Sources */ = {isa = PBXBuildFile; fileRef = A41D8B0321ED7DE60017D325 /* GoalType.swift */; };
		A41D8B0621EE85690017D325 /* CreateGoalVC.swift in Sources */ = {isa = PBXBuildFile; fileRef = A41D8B0521EE85690017D325 /* CreateGoalVC.swift */; };
		A41D8B0821EE86650017D325 /* UIViewControllerExt.swift in Sources */ = {isa = PBXBuildFile; fileRef = A41D8B0721EE86650017D325 /* UIViewControllerExt.swift */; };
/* End PBXBuildFile section */

/* Begin PBXFileReference section */
		A41D8AE421ED6B020017D325 /* goal-post.app */ = {isa = PBXFileReference; explicitFileType = wrapper.application; includeInIndex = 0; path = "goal-post.app"; sourceTree = BUILT_PRODUCTS_DIR; };
		A41D8AE721ED6B020017D325 /* AppDelegate.swift */ = {isa = PBXFileReference; lastKnownFileType = sourcecode.swift; path = AppDelegate.swift; sourceTree = "<group>"; };
		A41D8AE921ED6B030017D325 /* GoalsVC.swift */ = {isa = PBXFileReference; lastKnownFileType = sourcecode.swift; path = GoalsVC.swift; sourceTree = "<group>"; };
		A41D8AEC21ED6B030017D325 /* Base */ = {isa = PBXFileReference; lastKnownFileType = file.storyboard; name = Base; path = Base.lproj/Main.storyboard; sourceTree = "<group>"; };
		A41D8AEF21ED6B030017D325 /* goal_post.xcdatamodel */ = {isa = PBXFileReference; lastKnownFileType = wrapper.xcdatamodel; path = goal_post.xcdatamodel; sourceTree = "<group>"; };
		A41D8AF121ED6B040017D325 /* Assets.xcassets */ = {isa = PBXFileReference; lastKnownFileType = folder.assetcatalog; path = Assets.xcassets; sourceTree = "<group>"; };
		A41D8AF421ED6B040017D325 /* Base */ = {isa = PBXFileReference; lastKnownFileType = file.storyboard; name = Base; path = Base.lproj/LaunchScreen.storyboard; sourceTree = "<group>"; };
		A41D8AF621ED6B040017D325 /* Info.plist */ = {isa = PBXFileReference; lastKnownFileType = text.plist.xml; path = Info.plist; sourceTree = "<group>"; };
		A41D8B0121ED769C0017D325 /* GoalCell.swift */ = {isa = PBXFileReference; lastKnownFileType = sourcecode.swift; path = GoalCell.swift; sourceTree = "<group>"; };
		A41D8B0321ED7DE60017D325 /* GoalType.swift */ = {isa = PBXFileReference; lastKnownFileType = sourcecode.swift; path = GoalType.swift; sourceTree = "<group>"; };
		A41D8B0521EE85690017D325 /* CreateGoalVC.swift */ = {isa = PBXFileReference; lastKnownFileType = sourcecode.swift; path = CreateGoalVC.swift; sourceTree = "<group>"; };
		A41D8B0721EE86650017D325 /* UIViewControllerExt.swift */ = {isa = PBXFileReference; lastKnownFileType = sourcecode.swift; path = UIViewControllerExt.swift; sourceTree = "<group>"; };
/* End PBXFileReference section */

/* Begin PBXFrameworksBuildPhase section */
		A41D8AE121ED6B020017D325 /* Frameworks */ = {
			isa = PBXFrameworksBuildPhase;
			buildActionMask = 2147483647;
			files = (
			);
			runOnlyForDeploymentPostprocessing = 0;
		};
/* End PBXFrameworksBuildPhase section */

/* Begin PBXGroup section */
		A41D8ADB21ED6B020017D325 = {
			isa = PBXGroup;
			children = (
				A41D8AE621ED6B020017D325 /* goal-post */,
				A41D8AE521ED6B020017D325 /* Products */,
			);
			sourceTree = "<group>";
		};
		A41D8AE521ED6B020017D325 /* Products */ = {
			isa = PBXGroup;
			children = (
				A41D8AE421ED6B020017D325 /* goal-post.app */,
			);
			name = Products;
			sourceTree = "<group>";
		};
		A41D8AE621ED6B020017D325 /* goal-post */ = {
			isa = PBXGroup;
			children = (
				A41D8B0021ED6B4C0017D325 /* Extensions */,
				A41D8AFF21ED6B420017D325 /* Enums */,
				A41D8AFD21ED6B140017D325 /* Views */,
				A41D8AFE21ED6B1C0017D325 /* Controllers */,
				A41D8AE721ED6B020017D325 /* AppDelegate.swift */,
				A41D8AEB21ED6B030017D325 /* Main.storyboard */,
				A41D8AF121ED6B040017D325 /* Assets.xcassets */,
				A41D8AF321ED6B040017D325 /* LaunchScreen.storyboard */,
				A41D8AF621ED6B040017D325 /* Info.plist */,
				A41D8AEE21ED6B030017D325 /* goal_post.xcdatamodeld */,
			);
			path = "goal-post";
			sourceTree = "<group>";
		};
		A41D8AFD21ED6B140017D325 /* Views */ = {
			isa = PBXGroup;
			children = (
				A41D8B0121ED769C0017D325 /* GoalCell.swift */,
			);
			path = Views;
			sourceTree = "<group>";
		};
		A41D8AFE21ED6B1C0017D325 /* Controllers */ = {
			isa = PBXGroup;
			children = (
				A41D8AE921ED6B030017D325 /* GoalsVC.swift */,
				A41D8B0521EE85690017D325 /* CreateGoalVC.swift */,
			);
			path = Controllers;
			sourceTree = "<group>";
		};
		A41D8AFF21ED6B420017D325 /* Enums */ = {
			isa = PBXGroup;
			children = (
				A41D8B0321ED7DE60017D325 /* GoalType.swift */,
			);
			path = Enums;
			sourceTree = "<group>";
		};
		A41D8B0021ED6B4C0017D325 /* Extensions */ = {
			isa = PBXGroup;
			children = (
				A41D8B0721EE86650017D325 /* UIViewControllerExt.swift */,
			);
			path = Extensions;
			sourceTree = "<group>";
		};
/* End PBXGroup section */

/* Begin PBXNativeTarget section */
		A41D8AE321ED6B020017D325 /* goal-post */ = {
			isa = PBXNativeTarget;
			buildConfigurationList = A41D8AF921ED6B040017D325 /* Build configuration list for PBXNativeTarget "goal-post" */;
			buildPhases = (
				A41D8AE021ED6B020017D325 /* Sources */,
				A41D8AE121ED6B020017D325 /* Frameworks */,
				A41D8AE221ED6B020017D325 /* Resources */,
			);
			buildRules = (
			);
			dependencies = (
			);
			name = "goal-post";
			productName = "goal-post";
			productReference = A41D8AE421ED6B020017D325 /* goal-post.app */;
			productType = "com.apple.product-type.application";
		};
/* End PBXNativeTarget section */

/* Begin PBXProject section */
		A41D8ADC21ED6B020017D325 /* Project object */ = {
			isa = PBXProject;
			attributes = {
				LastSwiftUpdateCheck = 1010;
				LastUpgradeCheck = 1010;
				ORGANIZATIONNAME = "Mario Galluscio";
				TargetAttributes = {
					A41D8AE321ED6B020017D325 = {
						CreatedOnToolsVersion = 10.1;
					};
				};
			};
			buildConfigurationList = A41D8ADF21ED6B020017D325 /* Build configuration list for PBXProject "goal-post" */;
			compatibilityVersion = "Xcode 9.3";
			developmentRegion = en;
			hasScannedForEncodings = 0;
			knownRegions = (
				en,
				Base,
			);
			mainGroup = A41D8ADB21ED6B020017D325;
			productRefGroup = A41D8AE521ED6B020017D325 /* Products */;
			projectDirPath = "";
			projectRoot = "";
			targets = (
				A41D8AE321ED6B020017D325 /* goal-post */,
			);
		};
/* End PBXProject section */

/* Begin PBXResourcesBuildPhase section */
		A41D8AE221ED6B020017D325 /* Resources */ = {
			isa = PBXResourcesBuildPhase;
			buildActionMask = 2147483647;
			files = (
				A41D8AF521ED6B040017D325 /* LaunchScreen.storyboard in Resources */,
				A41D8AF221ED6B040017D325 /* Assets.xcassets in Resources */,
				A41D8AED21ED6B030017D325 /* Main.storyboard in Resources */,
			);
			runOnlyForDeploymentPostprocessing = 0;
		};
/* End PBXResourcesBuildPhase section */

/* Begin PBXSourcesBuildPhase section */
		A41D8AE021ED6B020017D325 /* Sources */ = {
			isa = PBXSourcesBuildPhase;
			buildActionMask = 2147483647;
			files = (
				A41D8B0221ED769D0017D325 /* GoalCell.swift in Sources */,
				A41D8B0621EE85690017D325 /* CreateGoalVC.swift in Sources */,
				A41D8B0421ED7DE60017D325 /* GoalType.swift in Sources */,
				A41D8AEA21ED6B030017D325 /* GoalsVC.swift in Sources */,
				A41D8AE821ED6B020017D325 /* AppDelegate.swift in Sources */,
				A41D8B0821EE86650017D325 /* UIViewControllerExt.swift in Sources */,
				A41D8AF021ED6B030017D325 /* goal_post.xcdatamodeld in Sources */,
			);
			runOnlyForDeploymentPostprocessing = 0;
		};
/* End PBXSourcesBuildPhase section */

/* Begin PBXVariantGroup section */
		A41D8AEB21ED6B030017D325 /* Main.storyboard */ = {
			isa = PBXVariantGroup;
			children = (
				A41D8AEC21ED6B030017D325 /* Base */,
			);
			name = Main.storyboard;
			sourceTree = "<group>";
		};
		A41D8AF321ED6B040017D325 /* LaunchScreen.storyboard */ = {
			isa = PBXVariantGroup;
			children = (
				A41D8AF421ED6B040017D325 /* Base */,
			);
			name = LaunchScreen.storyboard;
			sourceTree = "<group>";
		};
/* End PBXVariantGroup section */

/* Begin XCBuildConfiguration section */
		A41D8AF721ED6B040017D325 /* Debug */ = {
			isa = XCBuildConfiguration;
			buildSettings = {
				ALWAYS_SEARCH_USER_PATHS = NO;
				CLANG_ANALYZER_NONNULL = YES;
				CLANG_ANALYZER_NUMBER_OBJECT_CONVERSION = YES_AGGRESSIVE;
				CLANG_CXX_LANGUAGE_STANDARD = "gnu++14";
				CLANG_CXX_LIBRARY = "libc++";
				CLANG_ENABLE_MODULES = YES;
				CLANG_ENABLE_OBJC_ARC = YES;
				CLANG_ENABLE_OBJC_WEAK = YES;
				CLANG_WARN_BLOCK_CAPTURE_AUTORELEASING = YES;
				CLANG_WARN_BOOL_CONVERSION = YES;
				CLANG_WARN_COMMA = YES;
				CLANG_WARN_CONSTANT_CONVERSION = YES;
				CLANG_WARN_DEPRECATED_OBJC_IMPLEMENTATIONS = YES;
				CLANG_WARN_DIRECT_OBJC_ISA_USAGE = YES_ERROR;
				CLANG_WARN_DOCUMENTATION_COMMENTS = YES;
				CLANG_WARN_EMPTY_BODY = YES;
				CLANG_WARN_ENUM_CONVERSION = YES;
				CLANG_WARN_INFINITE_RECURSION = YES;
				CLANG_WARN_INT_CONVERSION = YES;
				CLANG_WARN_NON_LITERAL_NULL_CONVERSION = YES;
				CLANG_WARN_OBJC_IMPLICIT_RETAIN_SELF = YES;
				CLANG_WARN_OBJC_LITERAL_CONVERSION = YES;
				CLANG_WARN_OBJC_ROOT_CLASS = YES_ERROR;
				CLANG_WARN_RANGE_LOOP_ANALYSIS = YES;
				CLANG_WARN_STRICT_PROTOTYPES = YES;
				CLANG_WARN_SUSPICIOUS_MOVE = YES;
				CLANG_WARN_UNGUARDED_AVAILABILITY = YES_AGGRESSIVE;
				CLANG_WARN_UNREACHABLE_CODE = YES;
				CLANG_WARN__DUPLICATE_METHOD_MATCH = YES;
				CODE_SIGN_IDENTITY = "iPhone Developer";
				COPY_PHASE_STRIP = NO;
				DEBUG_INFORMATION_FORMAT = dwarf;
				ENABLE_STRICT_OBJC_MSGSEND = YES;
				ENABLE_TESTABILITY = YES;
				GCC_C_LANGUAGE_STANDARD = gnu11;
				GCC_DYNAMIC_NO_PIC = NO;
				GCC_NO_COMMON_BLOCKS = YES;
				GCC_OPTIMIZATION_LEVEL = 0;
				GCC_PREPROCESSOR_DEFINITIONS = (
					"DEBUG=1",
					"$(inherited)",
				);
				GCC_WARN_64_TO_32_BIT_CONVERSION = YES;
				GCC_WARN_ABOUT_RETURN_TYPE = YES_ERROR;
				GCC_WARN_UNDECLARED_SELECTOR = YES;
				GCC_WARN_UNINITIALIZED_AUTOS = YES_AGGRESSIVE;
				GCC_WARN_UNUSED_FUNCTION = YES;
				GCC_WARN_UNUSED_VARIABLE = YES;
				IPHONEOS_DEPLOYMENT_TARGET = 12.1;
				MTL_ENABLE_DEBUG_INFO = INCLUDE_SOURCE;
				MTL_FAST_MATH = YES;
				ONLY_ACTIVE_ARCH = YES;
				SDKROOT = iphoneos;
				SWIFT_ACTIVE_COMPILATION_CONDITIONS = DEBUG;
				SWIFT_OPTIMIZATION_LEVEL = "-Onone";
			};
			name = Debug;
		};
		A41D8AF821ED6B040017D325 /* Release */ = {
			isa = XCBuildConfiguration;
			buildSettings = {
				ALWAYS_SEARCH_USER_PATHS = NO;
				CLANG_ANALYZER_NONNULL = YES;
				CLANG_ANALYZER_NUMBER_OBJECT_CONVERSION = YES_AGGRESSIVE;
				CLANG_CXX_LANGUAGE_STANDARD = "gnu++14";
				CLANG_CXX_LIBRARY = "libc++";
				CLANG_ENABLE_MODULES = YES;
				CLANG_ENABLE_OBJC_ARC = YES;
				CLANG_ENABLE_OBJC_WEAK = YES;
				CLANG_WARN_BLOCK_CAPTURE_AUTORELEASING = YES;
				CLANG_WARN_BOOL_CONVERSION = YES;
				CLANG_WARN_COMMA = YES;
				CLANG_WARN_CONSTANT_CONVERSION = YES;
				CLANG_WARN_DEPRECATED_OBJC_IMPLEMENTATIONS = YES;
				CLANG_WARN_DIRECT_OBJC_ISA_USAGE = YES_ERROR;
				CLANG_WARN_DOCUMENTATION_COMMENTS = YES;
				CLANG_WARN_EMPTY_BODY = YES;
				CLANG_WARN_ENUM_CONVERSION = YES;
				CLANG_WARN_INFINITE_RECURSION = YES;
				CLANG_WARN_INT_CONVERSION = YES;
				CLANG_WARN_NON_LITERAL_NULL_CONVERSION = YES;
				CLANG_WARN_OBJC_IMPLICIT_RETAIN_SELF = YES;
				CLANG_WARN_OBJC_LITERAL_CONVERSION = YES;
				CLANG_WARN_OBJC_ROOT_CLASS = YES_ERROR;
				CLANG_WARN_RANGE_LOOP_ANALYSIS = YES;
				CLANG_WARN_STRICT_PROTOTYPES = YES;
				CLANG_WARN_SUSPICIOUS_MOVE = YES;
				CLANG_WARN_UNGUARDED_AVAILABILITY = YES_AGGRESSIVE;
				CLANG_WARN_UNREACHABLE_CODE = YES;
				CLANG_WARN__DUPLICATE_METHOD_MATCH = YES;
				CODE_SIGN_IDENTITY = "iPhone Developer";
				COPY_PHASE_STRIP = NO;
				DEBUG_INFORMATION_FORMAT = "dwarf-with-dsym";
				ENABLE_NS_ASSERTIONS = NO;
				ENABLE_STRICT_OBJC_MSGSEND = YES;
				GCC_C_LANGUAGE_STANDARD = gnu11;
				GCC_NO_COMMON_BLOCKS = YES;
				GCC_WARN_64_TO_32_BIT_CONVERSION = YES;
				GCC_WARN_ABOUT_RETURN_TYPE = YES_ERROR;
				GCC_WARN_UNDECLARED_SELECTOR = YES;
				GCC_WARN_UNINITIALIZED_AUTOS = YES_AGGRESSIVE;
				GCC_WARN_UNUSED_FUNCTION = YES;
				GCC_WARN_UNUSED_VARIABLE = YES;
				IPHONEOS_DEPLOYMENT_TARGET = 12.1;
				MTL_ENABLE_DEBUG_INFO = NO;
				MTL_FAST_MATH = YES;
				SDKROOT = iphoneos;
				SWIFT_COMPILATION_MODE = wholemodule;
				SWIFT_OPTIMIZATION_LEVEL = "-O";
				VALIDATE_PRODUCT = YES;
			};
			name = Release;
		};
		A41D8AFA21ED6B040017D325 /* Debug */ = {
			isa = XCBuildConfiguration;
			buildSettings = {
				ASSETCATALOG_COMPILER_APPICON_NAME = AppIcon;
				CODE_SIGN_STYLE = Automatic;
				DEVELOPMENT_TEAM = RNAWU25HDM;
				INFOPLIST_FILE = "goal-post/Info.plist";
				LD_RUNPATH_SEARCH_PATHS = (
					"$(inherited)",
					"@executable_path/Frameworks",
				);
				PRODUCT_BUNDLE_IDENTIFIER = "Mario.goal-post";
				PRODUCT_NAME = "$(TARGET_NAME)";
				SWIFT_VERSION = 4.2;
				TARGETED_DEVICE_FAMILY = "1,2";
			};
			name = Debug;
		};
		A41D8AFB21ED6B040017D325 /* Release */ = {
			isa = XCBuildConfiguration;
			buildSettings = {
				ASSETCATALOG_COMPILER_APPICON_NAME = AppIcon;
				CODE_SIGN_STYLE = Automatic;
				DEVELOPMENT_TEAM = RNAWU25HDM;
				INFOPLIST_FILE = "goal-post/Info.plist";
				LD_RUNPATH_SEARCH_PATHS = (
					"$(inherited)",
					"@executable_path/Frameworks",
				);
				PRODUCT_BUNDLE_IDENTIFIER = "Mario.goal-post";
				PRODUCT_NAME = "$(TARGET_NAME)";
				SWIFT_VERSION = 4.2;
				TARGETED_DEVICE_FAMILY = "1,2";
			};
			name = Release;
		};
/* End XCBuildConfiguration section */

/* Begin XCConfigurationList section */
		A41D8ADF21ED6B020017D325 /* Build configuration list for PBXProject "goal-post" */ = {
			isa = XCConfigurationList;
			buildConfigurations = (
				A41D8AF721ED6B040017D325 /* Debug */,
				A41D8AF821ED6B040017D325 /* Release */,
			);
			defaultConfigurationIsVisible = 0;
			defaultConfigurationName = Release;
		};
		A41D8AF921ED6B040017D325 /* Build configuration list for PBXNativeTarget "goal-post" */ = {
			isa = XCConfigurationList;
			buildConfigurations = (
				A41D8AFA21ED6B040017D325 /* Debug */,
				A41D8AFB21ED6B040017D325 /* Release */,
			);
			defaultConfigurationIsVisible = 0;
			defaultConfigurationName = Release;
		};
/* End XCConfigurationList section */

/* Begin XCVersionGroup section */
		A41D8AEE21ED6B030017D325 /* goal_post.xcdatamodeld */ = {
			isa = XCVersionGroup;
			children = (
				A41D8AEF21ED6B030017D325 /* goal_post.xcdatamodel */,
			);
			currentVersion = A41D8AEF21ED6B030017D325 /* goal_post.xcdatamodel */;
			path = goal_post.xcdatamodeld;
			sourceTree = "<group>";
			versionGroupType = wrapper.xcdatamodel;
		};
/* End XCVersionGroup section */
	};
	rootObject = A41D8ADC21ED6B020017D325 /* Project object */;
}
